
Microsoft Visual Studio Solution File, Format Version 12.00
# Visual Studio Version 16
VisualStudioVersion = 16.0.31025.194
MinimumVisualStudioVersion = 10.0.40219.1
Project("{9A19103F-16F7-4668-BE54-9A1E7A4F7556}") = "SWE2-Tourplanner", "SWE2-Tourplanner\SWE2-Tourplanner.csproj", "{9A65C5F8-5268-4D55-9E0F-451B42EBFEB6}"
EndProject
Project("{FAE04EC0-301F-11D3-BF4B-00C04F79EFBC}") = "DataAccessLayer", "DataAccessLayer\DataAccessLayer.csproj", "{AF9734D6-BA5E-42C7-BF03-483D30B5C252}"
EndProject
Project("{FAE04EC0-301F-11D3-BF4B-00C04F79EFBC}") = "SWE2-Tourplanner-Tests", "SWE2-Tourplanner-Tests\SWE2-Tourplanner-Tests.csproj", "{03F76A84-2DA5-46EC-8448-6A88D6184B2A}"
EndProject
Global
	GlobalSection(SolutionConfigurationPlatforms) = preSolution
		Debug|Any CPU = Debug|Any CPU
		Release|Any CPU = Release|Any CPU
	EndGlobalSection
	GlobalSection(ProjectConfigurationPlatforms) = postSolution
		{9A65C5F8-5268-4D55-9E0F-451B42EBFEB6}.Debug|Any CPU.ActiveCfg = Debug|Any CPU
		{9A65C5F8-5268-4D55-9E0F-451B42EBFEB6}.Debug|Any CPU.Build.0 = Debug|Any CPU
		{9A65C5F8-5268-4D55-9E0F-451B42EBFEB6}.Release|Any CPU.ActiveCfg = Release|Any CPU
		{9A65C5F8-5268-4D55-9E0F-451B42EBFEB6}.Release|Any CPU.Build.0 = Release|Any CPU
		{AF9734D6-BA5E-42C7-BF03-483D30B5C252}.Debug|Any CPU.ActiveCfg = Debug|Any CPU
		{AF9734D6-BA5E-42C7-BF03-483D30B5C252}.Debug|Any CPU.Build.0 = Debug|Any CPU
		{AF9734D6-BA5E-42C7-BF03-483D30B5C252}.Release|Any CPU.ActiveCfg = Release|Any CPU
		{AF9734D6-BA5E-42C7-BF03-483D30B5C252}.Release|Any CPU.Build.0 = Release|Any CPU
		{03F76A84-2DA5-46EC-8448-6A88D6184B2A}.Debug|Any CPU.ActiveCfg = Debug|Any CPU
		{03F76A84-2DA5-46EC-8448-6A88D6184B2A}.Debug|Any CPU.Build.0 = Debug|Any CPU
		{03F76A84-2DA5-46EC-8448-6A88D6184B2A}.Release|Any CPU.ActiveCfg = Release|Any CPU
		{03F76A84-2DA5-46EC-8448-6A88D6184B2A}.Release|Any CPU.Build.0 = Release|Any CPU
	EndGlobalSection
	GlobalSection(SolutionProperties) = preSolution
		HideSolutionNode = FALSE
	EndGlobalSection
	GlobalSection(ExtensibilityGlobals) = postSolution
		SolutionGuid = {58A00004-7A5D-4B53-821B-841A1FC0676A}
	EndGlobalSection
EndGlobal
